
Microsoft Visual Studio Solution File, Format Version 12.00
# Visual Studio 15
VisualStudioVersion = 15.0.28307.106
MinimumVisualStudioVersion = 10.0.40219.1
Project("{FAE04EC0-301F-11D3-BF4B-00C04F79EFBC}") = "Ejemplo_Clase", "Ejemplo_Clase\Ejemplo_Clase.csproj", "{78374AC4-CFB3-4981-8474-096C4D1D8939}"
EndProject
Global
	GlobalSection(SolutionConfigurationPlatforms) = preSolution
		Debug|Any CPU = Debug|Any CPU
		Release|Any CPU = Release|Any CPU
	EndGlobalSection
	GlobalSection(ProjectConfigurationPlatforms) = postSolution
		{78374AC4-CFB3-4981-8474-096C4D1D8939}.Debug|Any CPU.ActiveCfg = Debug|Any CPU
		{78374AC4-CFB3-4981-8474-096C4D1D8939}.Debug|Any CPU.Build.0 = Debug|Any CPU
		{78374AC4-CFB3-4981-8474-096C4D1D8939}.Release|Any CPU.ActiveCfg = Release|Any CPU
		{78374AC4-CFB3-4981-8474-096C4D1D8939}.Release|Any CPU.Build.0 = Release|Any CPU
	EndGlobalSection
	GlobalSection(SolutionProperties) = preSolution
		HideSolutionNode = FALSE
	EndGlobalSection
	GlobalSection(ExtensibilityGlobals) = postSolution
		SolutionGuid = {FA34D1B7-8123-4A45-AD16-9A84D4D70C98}
	EndGlobalSection
EndGlobal
